// !$*UTF8*$!
{
	archiveVersion = 1;
	classes = {
	};
	objectVersion = 50;
	objects = {

/* Begin PBXBuildFile section */
		D02489CF2403B05C002B30CD /* main.c in Sources */ = {isa = PBXBuildFile; fileRef = D02489CE2403B05C002B30CD /* main.c */; };
		D0E4216D247D268700B81B7C /* main.m in Sources */ = {isa = PBXBuildFile; fileRef = D0E4216C247D268700B81B7C /* main.m */; };
		D0E42171247D26D500B81B7C /* List.c in Sources */ = {isa = PBXBuildFile; fileRef = D0E42163247D19E300B81B7C /* List.c */; };
/* End PBXBuildFile section */

/* Begin PBXCopyFilesBuildPhase section */
		D02489C92403B05C002B30CD /* CopyFiles */ = {
			isa = PBXCopyFilesBuildPhase;
			buildActionMask = 2147483647;
			dstPath = /usr/share/man/man1/;
			dstSubfolderSpec = 0;
			files = (
			);
			runOnlyForDeploymentPostprocessing = 1;
		};
		D0E42168247D268600B81B7C /* CopyFiles */ = {
			isa = PBXCopyFilesBuildPhase;
			buildActionMask = 2147483647;
			dstPath = /usr/share/man/man1/;
			dstSubfolderSpec = 0;
			files = (
			);
			runOnlyForDeploymentPostprocessing = 1;
		};
/* End PBXCopyFilesBuildPhase section */

/* Begin PBXFileReference section */
		D02489CB2403B05C002B30CD /* CLearn */ = {isa = PBXFileReference; explicitFileType = "compiled.mach-o.executable"; includeInIndex = 0; path = CLearn; sourceTree = BUILT_PRODUCTS_DIR; };
		D02489CE2403B05C002B30CD /* main.c */ = {isa = PBXFileReference; lastKnownFileType = sourcecode.c.c; path = main.c; sourceTree = "<group>"; };
		D0324EBB247EB16900C244AA /* fatal.h */ = {isa = PBXFileReference; lastKnownFileType = sourcecode.c.h; path = fatal.h; sourceTree = "<group>"; };
		D0E42162247D19E300B81B7C /* List.h */ = {isa = PBXFileReference; lastKnownFileType = sourcecode.c.h; path = List.h; sourceTree = "<group>"; };
		D0E42163247D19E300B81B7C /* List.c */ = {isa = PBXFileReference; lastKnownFileType = sourcecode.c.c; path = List.c; sourceTree = "<group>"; };
		D0E4216A247D268600B81B7C /* List */ = {isa = PBXFileReference; explicitFileType = "compiled.mach-o.executable"; includeInIndex = 0; path = List; sourceTree = BUILT_PRODUCTS_DIR; };
		D0E4216C247D268700B81B7C /* main.m */ = {isa = PBXFileReference; lastKnownFileType = sourcecode.c.objc; path = main.m; sourceTree = "<group>"; };
/* End PBXFileReference section */

/* Begin PBXFrameworksBuildPhase section */
		D02489C82403B05C002B30CD /* Frameworks */ = {
			isa = PBXFrameworksBuildPhase;
			buildActionMask = 2147483647;
			files = (
			);
			runOnlyForDeploymentPostprocessing = 0;
		};
		D0E42167247D268600B81B7C /* Frameworks */ = {
			isa = PBXFrameworksBuildPhase;
			buildActionMask = 2147483647;
			files = (
			);
			runOnlyForDeploymentPostprocessing = 0;
		};
/* End PBXFrameworksBuildPhase section */

/* Begin PBXGroup section */
		D02489C22403B05C002B30CD = {
			isa = PBXGroup;
			children = (
				D0324EBB247EB16900C244AA /* fatal.h */,
				D02489CD2403B05C002B30CD /* CLearn */,
				D0E4216B247D268600B81B7C /* List */,
				D02489CC2403B05C002B30CD /* Products */,
			);
			sourceTree = "<group>";
		};
		D02489CC2403B05C002B30CD /* Products */ = {
			isa = PBXGroup;
			children = (
				D02489CB2403B05C002B30CD /* CLearn */,
				D0E4216A247D268600B81B7C /* List */,
			);
			name = Products;
			sourceTree = "<group>";
		};
		D02489CD2403B05C002B30CD /* CLearn */ = {
			isa = PBXGroup;
			children = (
				D02489CE2403B05C002B30CD /* main.c */,
			);
			path = CLearn;
			sourceTree = "<group>";
		};
		D0E42165247D25FE00B81B7C /* List */ = {
			isa = PBXGroup;
			children = (
				D0E42162247D19E300B81B7C /* List.h */,
				D0E42163247D19E300B81B7C /* List.c */,
			);
			name = List;
			sourceTree = "<group>";
		};
		D0E4216B247D268600B81B7C /* List */ = {
			isa = PBXGroup;
			children = (
				D0E42165247D25FE00B81B7C /* List */,
				D0E4216C247D268700B81B7C /* main.m */,
			);
			path = List;
			sourceTree = "<group>";
		};
/* End PBXGroup section */

/* Begin PBXNativeTarget section */
		D02489CA2403B05C002B30CD /* CLearn */ = {
			isa = PBXNativeTarget;
			buildConfigurationList = D02489D22403B05C002B30CD /* Build configuration list for PBXNativeTarget "CLearn" */;
			buildPhases = (
				D02489C72403B05C002B30CD /* Sources */,
				D02489C82403B05C002B30CD /* Frameworks */,
				D02489C92403B05C002B30CD /* CopyFiles */,
			);
			buildRules = (
			);
			dependencies = (
			);
			name = CLearn;
			productName = CLearn;
			productReference = D02489CB2403B05C002B30CD /* CLearn */;
			productType = "com.apple.product-type.tool";
		};
		D0E42169247D268600B81B7C /* List */ = {
			isa = PBXNativeTarget;
			buildConfigurationList = D0E4216E247D268700B81B7C /* Build configuration list for PBXNativeTarget "List" */;
			buildPhases = (
				D0E42166247D268600B81B7C /* Sources */,
				D0E42167247D268600B81B7C /* Frameworks */,
				D0E42168247D268600B81B7C /* CopyFiles */,
			);
			buildRules = (
			);
			dependencies = (
			);
			name = List;
			productName = List;
			productReference = D0E4216A247D268600B81B7C /* List */;
			productType = "com.apple.product-type.tool";
		};
/* End PBXNativeTarget section */

/* Begin PBXProject section */
		D02489C32403B05C002B30CD /* Project object */ = {
			isa = PBXProject;
			attributes = {
				LastUpgradeCheck = 1130;
				ORGANIZATIONNAME = zhangalan;
				TargetAttributes = {
					D02489CA2403B05C002B30CD = {
						CreatedOnToolsVersion = 11.3.1;
					};
					D0E42169247D268600B81B7C = {
						CreatedOnToolsVersion = 11.3.1;
					};
				};
			};
			buildConfigurationList = D02489C62403B05C002B30CD /* Build configuration list for PBXProject "CLearn" */;
			compatibilityVersion = "Xcode 9.3";
			developmentRegion = en;
			hasScannedForEncodings = 0;
			knownRegions = (
				en,
				Base,
			);
			mainGroup = D02489C22403B05C002B30CD;
			productRefGroup = D02489CC2403B05C002B30CD /* Products */;
			projectDirPath = "";
			projectRoot = "";
			targets = (
				D02489CA2403B05C002B30CD /* CLearn */,
				D0E42169247D268600B81B7C /* List */,
			);
		};
/* End PBXProject section */

/* Begin PBXSourcesBuildPhase section */
		D02489C72403B05C002B30CD /* Sources */ = {
			isa = PBXSourcesBuildPhase;
			buildActionMask = 2147483647;
			files = (
				D02489CF2403B05C002B30CD /* main.c in Sources */,
			);
			runOnlyForDeploymentPostprocessing = 0;
		};
		D0E42166247D268600B81B7C /* Sources */ = {
			isa = PBXSourcesBuildPhase;
			buildActionMask = 2147483647;
			files = (
				D0E4216D247D268700B81B7C /* main.m in Sources */,
				D0E42171247D26D500B81B7C /* List.c in Sources */,
			);
			runOnlyForDeploymentPostprocessing = 0;
		};
/* End PBXSourcesBuildPhase section */

/* Begin XCBuildConfiguration section */
		D02489D02403B05C002B30CD /* Debug */ = {
			isa = XCBuildConfiguration;
			buildSettings = {
				ALWAYS_SEARCH_USER_PATHS = NO;
				CLANG_ANALYZER_NONNULL = YES;
				CLANG_ANALYZER_NUMBER_OBJECT_CONVERSION = YES_AGGRESSIVE;
				CLANG_CXX_LANGUAGE_STANDARD = "gnu++14";
				CLANG_CXX_LIBRARY = "libc++";
				CLANG_ENABLE_MODULES = YES;
				CLANG_ENABLE_OBJC_ARC = YES;
				CLANG_ENABLE_OBJC_WEAK = YES;
				CLANG_WARN_BLOCK_CAPTURE_AUTORELEASING = YES;
				CLANG_WARN_BOOL_CONVERSION = YES;
				CLANG_WARN_COMMA = YES;
				CLANG_WARN_CONSTANT_CONVERSION = YES;
				CLANG_WARN_DEPRECATED_OBJC_IMPLEMENTATIONS = YES;
				CLANG_WARN_DIRECT_OBJC_ISA_USAGE = YES_ERROR;
				CLANG_WARN_DOCUMENTATION_COMMENTS = YES;
				CLANG_WARN_EMPTY_BODY = YES;
				CLANG_WARN_ENUM_CONVERSION = YES;
				CLANG_WARN_INFINITE_RECURSION = YES;
				CLANG_WARN_INT_CONVERSION = YES;
				CLANG_WARN_NON_LITERAL_NULL_CONVERSION = YES;
				CLANG_WARN_OBJC_IMPLICIT_RETAIN_SELF = YES;
				CLANG_WARN_OBJC_LITERAL_CONVERSION = YES;
				CLANG_WARN_OBJC_ROOT_CLASS = YES_ERROR;
				CLANG_WARN_RANGE_LOOP_ANALYSIS = YES;
				CLANG_WARN_STRICT_PROTOTYPES = YES;
				CLANG_WARN_SUSPICIOUS_MOVE = YES;
				CLANG_WARN_UNGUARDED_AVAILABILITY = YES_AGGRESSIVE;
				CLANG_WARN_UNREACHABLE_CODE = YES;
				CLANG_WARN__DUPLICATE_METHOD_MATCH = YES;
				COPY_PHASE_STRIP = NO;
				DEBUG_INFORMATION_FORMAT = dwarf;
				ENABLE_STRICT_OBJC_MSGSEND = YES;
				ENABLE_TESTABILITY = YES;
				GCC_C_LANGUAGE_STANDARD = gnu11;
				GCC_DYNAMIC_NO_PIC = NO;
				GCC_NO_COMMON_BLOCKS = YES;
				GCC_OPTIMIZATION_LEVEL = 0;
				GCC_PREPROCESSOR_DEFINITIONS = (
					"DEBUG=1",
					"$(inherited)",
				);
				GCC_WARN_64_TO_32_BIT_CONVERSION = YES;
				GCC_WARN_ABOUT_RETURN_TYPE = YES_ERROR;
				GCC_WARN_UNDECLARED_SELECTOR = YES;
				GCC_WARN_UNINITIALIZED_AUTOS = YES_AGGRESSIVE;
				GCC_WARN_UNUSED_FUNCTION = YES;
				GCC_WARN_UNUSED_VARIABLE = YES;
				MACOSX_DEPLOYMENT_TARGET = 10.15;
				MTL_ENABLE_DEBUG_INFO = INCLUDE_SOURCE;
				MTL_FAST_MATH = YES;
				ONLY_ACTIVE_ARCH = YES;
				SDKROOT = macosx;
			};
			name = Debug;
		};
		D02489D12403B05C002B30CD /* Release */ = {
			isa = XCBuildConfiguration;
			buildSettings = {
				ALWAYS_SEARCH_USER_PATHS = NO;
				CLANG_ANALYZER_NONNULL = YES;
				CLANG_ANALYZER_NUMBER_OBJECT_CONVERSION = YES_AGGRESSIVE;
				CLANG_CXX_LANGUAGE_STANDARD = "gnu++14";
				CLANG_CXX_LIBRARY = "libc++";
				CLANG_ENABLE_MODULES = YES;
				CLANG_ENABLE_OBJC_ARC = YES;
				CLANG_ENABLE_OBJC_WEAK = YES;
				CLANG_WARN_BLOCK_CAPTURE_AUTORELEASING = YES;
				CLANG_WARN_BOOL_CONVERSION = YES;
				CLANG_WARN_COMMA = YES;
				CLANG_WARN_CONSTANT_CONVERSION = YES;
				CLANG_WARN_DEPRECATED_OBJC_IMPLEMENTATIONS = YES;
				CLANG_WARN_DIRECT_OBJC_ISA_USAGE = YES_ERROR;
				CLANG_WARN_DOCUMENTATION_COMMENTS = YES;
				CLANG_WARN_EMPTY_BODY = YES;
				CLANG_WARN_ENUM_CONVERSION = YES;
				CLANG_WARN_INFINITE_RECURSION = YES;
				CLANG_WARN_INT_CONVERSION = YES;
				CLANG_WARN_NON_LITERAL_NULL_CONVERSION = YES;
				CLANG_WARN_OBJC_IMPLICIT_RETAIN_SELF = YES;
				CLANG_WARN_OBJC_LITERAL_CONVERSION = YES;
				CLANG_WARN_OBJC_ROOT_CLASS = YES_ERROR;
				CLANG_WARN_RANGE_LOOP_ANALYSIS = YES;
				CLANG_WARN_STRICT_PROTOTYPES = YES;
				CLANG_WARN_SUSPICIOUS_MOVE = YES;
				CLANG_WARN_UNGUARDED_AVAILABILITY = YES_AGGRESSIVE;
				CLANG_WARN_UNREACHABLE_CODE = YES;
				CLANG_WARN__DUPLICATE_METHOD_MATCH = YES;
				COPY_PHASE_STRIP = NO;
				DEBUG_INFORMATION_FORMAT = "dwarf-with-dsym";
				ENABLE_NS_ASSERTIONS = NO;
				ENABLE_STRICT_OBJC_MSGSEND = YES;
				GCC_C_LANGUAGE_STANDARD = gnu11;
				GCC_NO_COMMON_BLOCKS = YES;
				GCC_WARN_64_TO_32_BIT_CONVERSION = YES;
				GCC_WARN_ABOUT_RETURN_TYPE = YES_ERROR;
				GCC_WARN_UNDECLARED_SELECTOR = YES;
				GCC_WARN_UNINITIALIZED_AUTOS = YES_AGGRESSIVE;
				GCC_WARN_UNUSED_FUNCTION = YES;
				GCC_WARN_UNUSED_VARIABLE = YES;
				MACOSX_DEPLOYMENT_TARGET = 10.15;
				MTL_ENABLE_DEBUG_INFO = NO;
				MTL_FAST_MATH = YES;
				SDKROOT = macosx;
			};
			name = Release;
		};
		D02489D32403B05C002B30CD /* Debug */ = {
			isa = XCBuildConfiguration;
			buildSettings = {
				CODE_SIGN_STYLE = Automatic;
				DEVELOPMENT_TEAM = 63M3QB38XB;
				ENABLE_HARDENED_RUNTIME = YES;
				PRODUCT_NAME = "$(TARGET_NAME)";
			};
			name = Debug;
		};
		D02489D42403B05C002B30CD /* Release */ = {
			isa = XCBuildConfiguration;
			buildSettings = {
				CODE_SIGN_STYLE = Automatic;
				DEVELOPMENT_TEAM = 63M3QB38XB;
				ENABLE_HARDENED_RUNTIME = YES;
				PRODUCT_NAME = "$(TARGET_NAME)";
			};
			name = Release;
		};
		D0E4216F247D268700B81B7C /* Debug */ = {
			isa = XCBuildConfiguration;
			buildSettings = {
				CODE_SIGN_STYLE = Automatic;
				DEVELOPMENT_TEAM = 63M3QB38XB;
				ENABLE_HARDENED_RUNTIME = YES;
				PRODUCT_NAME = "$(TARGET_NAME)";
			};
			name = Debug;
		};
		D0E42170247D268700B81B7C /* Release */ = {
			isa = XCBuildConfiguration;
			buildSettings = {
				CODE_SIGN_STYLE = Automatic;
				DEVELOPMENT_TEAM = 63M3QB38XB;
				ENABLE_HARDENED_RUNTIME = YES;
				PRODUCT_NAME = "$(TARGET_NAME)";
			};
			name = Release;
		};
/* End XCBuildConfiguration section */

/* Begin XCConfigurationList section */
		D02489C62403B05C002B30CD /* Build configuration list for PBXProject "CLearn" */ = {
			isa = XCConfigurationList;
			buildConfigurations = (
				D02489D02403B05C002B30CD /* Debug */,
				D02489D12403B05C002B30CD /* Release */,
			);
			defaultConfigurationIsVisible = 0;
			defaultConfigurationName = Release;
		};
		D02489D22403B05C002B30CD /* Build configuration list for PBXNativeTarget "CLearn" */ = {
			isa = XCConfigurationList;
			buildConfigurations = (
				D02489D32403B05C002B30CD /* Debug */,
				D02489D42403B05C002B30CD /* Release */,
			);
			defaultConfigurationIsVisible = 0;
			defaultConfigurationName = Release;
		};
		D0E4216E247D268700B81B7C /* Build configuration list for PBXNativeTarget "List" */ = {
			isa = XCConfigurationList;
			buildConfigurations = (
				D0E4216F247D268700B81B7C /* Debug */,
				D0E42170247D268700B81B7C /* Release */,
			);
			defaultConfigurationIsVisible = 0;
			defaultConfigurationName = Release;
		};
/* End XCConfigurationList section */
	};
	rootObject = D02489C32403B05C002B30CD /* Project object */;
}
